
Microsoft Visual Studio Solution File, Format Version 12.00
# Visual Studio 15
VisualStudioVersion = 15.0.28307.489
MinimumVisualStudioVersion = 10.0.40219.1
Project("{FAE04EC0-301F-11D3-BF4B-00C04F79EFBC}") = "Roman-Numerals", "Roman-Numerals.csproj", "{967487F6-FAF2-435F-BDEE-9A4243DE97C7}"
EndProject
Project("{FAE04EC0-301F-11D3-BF4B-00C04F79EFBC}") = "Roman-Numerals.Tests", "..\RomanNumerals.Tests\Roman-Numerals.Tests.csproj", "{E47A0C3E-8619-45F8-BE2E-65F0F5532A94}"
EndProject
Global
	GlobalSection(SolutionConfigurationPlatforms) = preSolution
		Debug|Any CPU = Debug|Any CPU
		Release|Any CPU = Release|Any CPU
	EndGlobalSection
	GlobalSection(ProjectConfigurationPlatforms) = postSolution
		{967487F6-FAF2-435F-BDEE-9A4243DE97C7}.Debug|Any CPU.ActiveCfg = Debug|Any CPU
		{967487F6-FAF2-435F-BDEE-9A4243DE97C7}.Debug|Any CPU.Build.0 = Debug|Any CPU
		{967487F6-FAF2-435F-BDEE-9A4243DE97C7}.Release|Any CPU.ActiveCfg = Release|Any CPU
		{967487F6-FAF2-435F-BDEE-9A4243DE97C7}.Release|Any CPU.Build.0 = Release|Any CPU
		{E47A0C3E-8619-45F8-BE2E-65F0F5532A94}.Debug|Any CPU.ActiveCfg = Debug|Any CPU
		{E47A0C3E-8619-45F8-BE2E-65F0F5532A94}.Debug|Any CPU.Build.0 = Debug|Any CPU
		{E47A0C3E-8619-45F8-BE2E-65F0F5532A94}.Release|Any CPU.ActiveCfg = Release|Any CPU
		{E47A0C3E-8619-45F8-BE2E-65F0F5532A94}.Release|Any CPU.Build.0 = Release|Any CPU
	EndGlobalSection
	GlobalSection(SolutionProperties) = preSolution
		HideSolutionNode = FALSE
	EndGlobalSection
	GlobalSection(ExtensibilityGlobals) = postSolution
		SolutionGuid = {1AFBEE49-C31A-4B87-9C08-E711E0C5931C}
	EndGlobalSection
EndGlobal
